
Microsoft Visual Studio Solution File, Format Version 12.00
Project("{FAE04EC0-301F-11D3-BF4B-00C04F79EFBC}") = "ParsingUtils", "ParsingUtils.csproj", "{0019FBF7-D38B-44D9-B3AB-C7B6C5B8CAC6}"
EndProject
Global
	GlobalSection(SolutionConfigurationPlatforms) = preSolution
		Debug|Any CPU = Debug|Any CPU
		Release|Any CPU = Release|Any CPU
	EndGlobalSection
	GlobalSection(ProjectConfigurationPlatforms) = postSolution
		{0019FBF7-D38B-44D9-B3AB-C7B6C5B8CAC6}.Debug|Any CPU.ActiveCfg = Debug|Any CPU
		{0019FBF7-D38B-44D9-B3AB-C7B6C5B8CAC6}.Debug|Any CPU.Build.0 = Debug|Any CPU
		{0019FBF7-D38B-44D9-B3AB-C7B6C5B8CAC6}.Release|Any CPU.ActiveCfg = Release|Any CPU
		{0019FBF7-D38B-44D9-B3AB-C7B6C5B8CAC6}.Release|Any CPU.Build.0 = Release|Any CPU
	EndGlobalSection
EndGlobal
